{
    "name": "@simbad/simbad-host-api",
    "version": "0.0.1",
    "lockfileVersion": 1,
    "requires": true,
    "dependencies": {
        "@loopback/openapi-v3-types": {
            "version": "1.2.1",
            "resolved": "https://registry.npmjs.org/@loopback/openapi-v3-types/-/openapi-v3-types-1.2.1.tgz",
            "integrity": "sha512-jg+63mKTDgYPGbbHdeEe+J+eXkZDN+bmo2eK0y90aM8O8J5AimlaaIQpuVOJUp/87B4WueOJCFRjXnsv6VV25A==",
            "requires": {
                "openapi3-ts": "^1.3.0"
            }
        },
        "@types/argparse": {
            "version": "1.0.36",
            "resolved": "https://registry.npmjs.org/@types/argparse/-/argparse-1.0.36.tgz",
            "integrity": "sha512-3+i1qzPwyNjbJeiZuJQuETdAe7kWsbI+Vrpj8kbdqAEsXaBDxHPEPg6tXGeDEP0DDPrOnvyFJjm6XNOoK6685w=="
        },
        "@types/fs-extra": {
            "version": "8.0.0",
            "resolved": "https://registry.npmjs.org/@types/fs-extra/-/fs-extra-8.0.0.tgz",
            "integrity": "sha512-bCtL5v9zdbQW86yexOlXWTEGvLNqWxMFyi7gQA7Gcthbezr2cPSOb8SkESVKA937QD5cIwOFLDFt0MQoXOEr9Q==",
            "requires": {
                "@types/node": "*"
            }
        },
        "@types/jsesc": {
            "version": "0.4.29",
            "resolved": "https://registry.npmjs.org/@types/jsesc/-/jsesc-0.4.29.tgz",
            "integrity": "sha1-2Ntltyd2mWwDhwMGpbBIwmmAz44="
        },
        "@types/json-schema": {
            "version": "7.0.3",
            "resolved": "https://registry.npmjs.org/@types/json-schema/-/json-schema-7.0.3.tgz",
            "integrity": "sha512-Il2DtDVRGDcqjDtE+rF8iqg1CArehSK84HZJCT7AMITlyXRBpuPhqGLDQMowraqqu1coEaimg4ZOqggt6L6L+A=="
        },
        "@types/lodash": {
            "version": "4.14.136",
            "resolved": "https://registry.npmjs.org/@types/lodash/-/lodash-4.14.136.tgz",
            "integrity": "sha512-0GJhzBdvsW2RUccNHOBkabI8HZVdOXmXbXhuKlDEd5Vv12P7oAVGfomGp3Ne21o5D/qu1WmthlNKFaoZJJeErA=="
        },
        "@types/mkdirp": {
            "version": "0.5.2",
            "resolved": "https://registry.npmjs.org/@types/mkdirp/-/mkdirp-0.5.2.tgz",
            "integrity": "sha512-U5icWpv7YnZYGsN4/cmh3WD2onMY0aJIiTE6+51TwJCttdHvtCYmkBNOobHlXwrJRL0nkH9jH4kD+1FAdMN4Tg==",
            "requires": {
                "@types/node": "*"
            }
        },
        "@types/node": {
            "version": "12.7.1",
            "resolved": "https://registry.npmjs.org/@types/node/-/node-12.7.1.tgz",
            "integrity": "sha512-aK9jxMypeSrhiYofWWBf/T7O+KwaiAHzM4sveCdWPn71lzUSMimRnKzhXDKfKwV1kWoBo2P1aGgaIYGLf9/ljw=="
        },
        "ansi-regex": {
            "version": "4.1.0",
            "resolved": "https://registry.npmjs.org/ansi-regex/-/ansi-regex-4.1.0.tgz",
            "integrity": "sha512-1apePfXM1UOSqw0o9IiFAovVz9M5S1Dg+4TrDwfMewQ6p/rmMueb7tWZjQ1rx4Loy1ArBggoqGpfqqdI4rondg=="
        },
        "ansi-styles": {
            "version": "3.2.1",
            "resolved": "https://registry.npmjs.org/ansi-styles/-/ansi-styles-3.2.1.tgz",
            "integrity": "sha512-VT0ZI6kZRdTh8YyJw3SMbYm/u+NqfsAxEpWO0Pf9sq8/e94WxxOpPKx9FR1FlyCtOVDNOQ+8ntlqFxiRc+r5qA==",
            "requires": {
                "color-convert": "^1.9.0"
            }
        },
        "arg": {
            "version": "4.1.1",
            "resolved": "https://registry.npmjs.org/arg/-/arg-4.1.1.tgz",
            "integrity": "sha512-SlmP3fEA88MBv0PypnXZ8ZfJhwmDeIE3SP71j37AiXQBXYosPV0x6uISAaHYSlSVhmHOVkomen0tbGk6Anlebw=="
        },
        "argparse": {
            "version": "1.0.10",
            "resolved": "https://registry.npmjs.org/argparse/-/argparse-1.0.10.tgz",
            "integrity": "sha512-o5Roy6tNG4SL/FOkCAN6RzjiakZS25RLYFrcMttJqbdd8BWrnA+fGz57iN5Pb06pvBGvl5gQ0B48dJlslXvoTg==",
            "requires": {
                "sprintf-js": "~1.0.2"
            }
        },
        "balanced-match": {
            "version": "1.0.0",
            "resolved": "https://registry.npmjs.org/balanced-match/-/balanced-match-1.0.0.tgz",
            "integrity": "sha1-ibTRmasr7kneFk6gK4nORi1xt2c="
        },
        "brace-expansion": {
            "version": "1.1.11",
            "resolved": "https://registry.npmjs.org/brace-expansion/-/brace-expansion-1.1.11.tgz",
            "integrity": "sha512-iCuPHDFgrHX7H2vEI/5xpz07zSHB00TpugqhmYtVmMO6518mCuRMoOYFldEBl0g187ufozdaHgWKcYFb61qGiA==",
            "requires": {
                "balanced-match": "^1.0.0",
                "concat-map": "0.0.1"
            }
        },
        "buffer-from": {
            "version": "1.1.1",
            "resolved": "https://registry.npmjs.org/buffer-from/-/buffer-from-1.1.1.tgz",
            "integrity": "sha512-MQcXEUbCKtEo7bhqEs6560Hyd4XaovZlO/k9V3hjVUF/zwW7KBVdSK4gIt/bzwS9MbR5qob+F5jusZsb0YQK2A=="
        },
        "call-me-maybe": {
            "version": "1.0.1",
            "resolved": "https://registry.npmjs.org/call-me-maybe/-/call-me-maybe-1.0.1.tgz",
            "integrity": "sha1-JtII6onje1y95gJQoV8DHBak1ms="
        },
        "camelcase": {
            "version": "5.3.1",
            "resolved": "https://registry.npmjs.org/camelcase/-/camelcase-5.3.1.tgz",
            "integrity": "sha512-L28STB170nwWS63UjtlEOE3dldQApaJXZkOI1uMFfzf3rRuPegHaHesyee+YxQ+W6SvRDQV6UrdOdRiR153wJg=="
        },
        "chalk": {
            "version": "2.4.2",
            "resolved": "https://registry.npmjs.org/chalk/-/chalk-2.4.2.tgz",
            "integrity": "sha512-Mti+f9lpJNcwF4tWV8/OrTTtF1gZi+f8FqlyAdouralcFWFQWF2+NgCHShjkCb+IFBLq9buZwE1xckQU4peSuQ==",
            "requires": {
                "ansi-styles": "^3.2.1",
                "escape-string-regexp": "^1.0.5",
                "supports-color": "^5.3.0"
            }
        },
        "cliui": {
            "version": "5.0.0",
            "resolved": "https://registry.npmjs.org/cliui/-/cliui-5.0.0.tgz",
            "integrity": "sha512-PYeGSEmmHM6zvoef2w8TPzlrnNpXIjTipYK780YswmIP9vjxmd6Y2a3CB2Ks6/AU8NHjZugXvo8w3oWM2qnwXA==",
            "requires": {
                "string-width": "^3.1.0",
                "strip-ansi": "^5.2.0",
                "wrap-ansi": "^5.1.0"
            }
        },
        "color-convert": {
            "version": "1.9.3",
            "resolved": "https://registry.npmjs.org/color-convert/-/color-convert-1.9.3.tgz",
            "integrity": "sha512-QfAUtd+vFdAtFQcC8CCyYt1fYWxSqAiK2cSD6zDB8N3cpsEBAvRxp9zOGg6G/SHHJYAT88/az/IuDGALsNVbGg==",
            "requires": {
                "color-name": "1.1.3"
            }
        },
        "color-name": {
            "version": "1.1.3",
            "resolved": "https://registry.npmjs.org/color-name/-/color-name-1.1.3.tgz",
            "integrity": "sha1-p9BVi9icQveV3UIyj3QIMcpTvCU="
        },
        "commander": {
            "version": "2.20.0",
            "resolved": "https://registry.npmjs.org/commander/-/commander-2.20.0.tgz",
            "integrity": "sha512-7j2y+40w61zy6YC2iRNpUe/NwhNyoXrYpHMrSunaMG64nRnaf96zO/KMQR4OyN/UnE5KLyEBnKHd4aG3rskjpQ==",
            "optional": true
        },
        "concat-map": {
            "version": "0.0.1",
            "resolved": "https://registry.npmjs.org/concat-map/-/concat-map-0.0.1.tgz",
            "integrity": "sha1-2Klr13/Wjfd5OnMDajug1UBdR3s="
        },
        "config-chain": {
            "version": "1.1.12",
            "resolved": "https://registry.npmjs.org/config-chain/-/config-chain-1.1.12.tgz",
            "integrity": "sha512-a1eOIcu8+7lUInge4Rpf/n4Krkf3Dd9lqhljRzII1/Zno/kRtUWnznPO3jOKBmTEktkt3fkxisUcivoj0ebzoA==",
            "requires": {
                "ini": "^1.3.4",
                "proto-list": "~1.2.1"
            }
        },
        "core-js": {
            "version": "2.6.9",
            "resolved": "https://registry.npmjs.org/core-js/-/core-js-2.6.9.tgz",
            "integrity": "sha512-HOpZf6eXmnl7la+cUdMnLvUxKNqLUzJvgIziQ0DiF3JwSImNphIqdGqzj6hIKyX04MmV0poclQ7+wjWvxQyR2A=="
        },
        "crlf": {
            "version": "1.1.1",
            "resolved": "https://registry.npmjs.org/crlf/-/crlf-1.1.1.tgz",
            "integrity": "sha1-JBcoQbTINSmmqkSJ337tlYsu0W8=",
            "requires": {
                "glub": "^1.0.0",
                "transform-file": "^1.0.1"
            }
        },
        "debug": {
            "version": "3.2.6",
            "resolved": "https://registry.npmjs.org/debug/-/debug-3.2.6.tgz",
            "integrity": "sha512-mel+jf7nrtEl5Pn1Qx46zARXKDpBbvzezse7p7LqINmdoIk8PYP5SySaxEmYv6TZ0JyEKA1hsCId6DIhgITtWQ==",
            "requires": {
                "ms": "^2.1.1"
            }
        },
        "decamelize": {
            "version": "1.2.0",
            "resolved": "https://registry.npmjs.org/decamelize/-/decamelize-1.2.0.tgz",
            "integrity": "sha1-9lNNFRSCabIDUue+4m9QH5oZEpA="
        },
        "diff": {
            "version": "4.0.1",
            "resolved": "https://registry.npmjs.org/diff/-/diff-4.0.1.tgz",
            "integrity": "sha512-s2+XdvhPCOF01LRQBC8hf4vhbVmI2CGS5aZnxLJlT5FtdhPCDFq80q++zK2KlrVorVDdL5BOGZ/VfLrVtYNF+Q=="
        },
        "emoji-regex": {
            "version": "7.0.3",
            "resolved": "https://registry.npmjs.org/emoji-regex/-/emoji-regex-7.0.3.tgz",
            "integrity": "sha512-CwBLREIQ7LvYFB0WyRvwhq5N5qPhc6PMjD6bYggFlI5YyDgl+0vxq5VHbMOFqLg7hfWzmu8T5Z1QofhmTIhItA=="
        },
        "encodeurl": {
            "version": "1.0.2",
            "resolved": "https://registry.npmjs.org/encodeurl/-/encodeurl-1.0.2.tgz",
            "integrity": "sha1-rT/0yG7C0CkyL1oCw6mmBslbP1k="
        },
        "escape-string-regexp": {
            "version": "1.0.5",
            "resolved": "https://registry.npmjs.org/escape-string-regexp/-/escape-string-regexp-1.0.5.tgz",
            "integrity": "sha1-G2HAViGQqN/2rjuyzwIAyhMLhtQ="
        },
        "esm": {
            "version": "3.2.25",
            "resolved": "https://registry.npmjs.org/esm/-/esm-3.2.25.tgz",
            "integrity": "sha512-U1suiZ2oDVWv4zPO56S0NcR5QriEahGtdN2OR6FiOG4WJvcjBVFB0qI4+eKoWFH483PKGuLuu6V8Z4T5g63UVA=="
        },
        "esprima": {
            "version": "4.0.1",
            "resolved": "https://registry.npmjs.org/esprima/-/esprima-4.0.1.tgz",
            "integrity": "sha512-eGuFFw7Upda+g4p+QHvnW0RyTX/SVeJBDM/gCtMARO0cLuT2HcEKnTPvhjV6aGeqrCB/sbNop0Kszm0jsaWU4A=="
        },
        "find-up": {
            "version": "3.0.0",
            "resolved": "https://registry.npmjs.org/find-up/-/find-up-3.0.0.tgz",
            "integrity": "sha512-1yD6RmLI1XBfxugvORwlck6f75tYL+iR0jqwsOrOxMZyGYqUuDhJ0l4AXdO1iX/FTs9cBAMEk1gWSEx1kSbylg==",
            "requires": {
                "locate-path": "^3.0.0"
            }
        },
        "format-util": {
            "version": "1.0.3",
            "resolved": "https://registry.npmjs.org/format-util/-/format-util-1.0.3.tgz",
            "integrity": "sha1-Ay3KShFiYqEsQ/TD7IVmQWxbLZU="
        },
        "fs-extra": {
            "version": "8.1.0",
            "resolved": "https://registry.npmjs.org/fs-extra/-/fs-extra-8.1.0.tgz",
            "integrity": "sha512-yhlQgA6mnOJUKOsRUFsgJdQCvkKhcz8tlZG5HBQfReYZy46OwLcY+Zia0mtdHsOo9y/hP+CxMN0TU9QxoOtG4g==",
            "requires": {
                "graceful-fs": "^4.2.0",
                "jsonfile": "^4.0.0",
                "universalify": "^0.1.0"
            }
        },
        "get-caller-file": {
            "version": "2.0.5",
            "resolved": "https://registry.npmjs.org/get-caller-file/-/get-caller-file-2.0.5.tgz",
            "integrity": "sha512-DyFP3BM/3YHTQOCUL/w0OZHR0lpKeGrxotcHWcqNEdnltqFwXVfhEBQ94eIo34AfQpo0rGki4cyIiftY06h2Fg=="
        },
        "glob": {
            "version": "5.0.15",
            "resolved": "https://registry.npmjs.org/glob/-/glob-5.0.15.tgz",
            "integrity": "sha1-G8k2ueAvSmA/zCIuz3Yz0wuLk7E=",
            "requires": {
                "inflight": "^1.0.4",
                "inherits": "2",
                "minimatch": "2 || 3",
                "once": "^1.3.0",
                "path-is-absolute": "^1.0.0"
            }
        },
        "global-tunnel-ng": {
            "version": "2.7.1",
            "resolved": "https://registry.npmjs.org/global-tunnel-ng/-/global-tunnel-ng-2.7.1.tgz",
            "integrity": "sha512-4s+DyciWBV0eK148wqXxcmVAbFVPqtc3sEtUE/GTQfuU80rySLcMhUmHKSHI7/LDj8q0gDYI1lIhRRB7ieRAqg==",
            "requires": {
                "encodeurl": "^1.0.2",
                "lodash": "^4.17.10",
                "npm-conf": "^1.1.3",
                "tunnel": "^0.0.6"
            }
        },
        "glub": {
            "version": "1.0.3",
            "resolved": "https://registry.npmjs.org/glub/-/glub-1.0.3.tgz",
            "integrity": "sha1-VsFkMpiuJQZcYxUAMze7pp0vuGY=",
            "requires": {
                "glob": "^5.0.5",
                "minimist": "^1.1.1"
            },
            "dependencies": {
                "minimist": {
                    "version": "1.2.0",
                    "resolved": "https://registry.npmjs.org/minimist/-/minimist-1.2.0.tgz",
                    "integrity": "sha1-o1AIsg9BOD7sH7kU9M1d95omQoQ="
                }
            }
        },
        "graceful-fs": {
            "version": "4.2.1",
            "resolved": "https://registry.npmjs.org/graceful-fs/-/graceful-fs-4.2.1.tgz",
            "integrity": "sha512-b9usnbDGnD928gJB3LrCmxoibr3VE4U2SMo5PBuBnokWyDADTqDPXg4YpwKF1trpH+UbGp7QLicO3+aWEy0+mw=="
        },
        "handlebars": {
            "version": "4.1.2",
            "resolved": "https://registry.npmjs.org/handlebars/-/handlebars-4.1.2.tgz",
            "integrity": "sha512-nvfrjqvt9xQ8Z/w0ijewdD/vvWDTOweBUm96NTr66Wfvo1mJenBLwcYmPs3TIBP5ruzYGD7Hx/DaM9RmhroGPw==",
            "requires": {
                "neo-async": "^2.6.0",
                "optimist": "^0.6.1",
                "source-map": "^0.6.1",
                "uglify-js": "^3.1.4"
            }
        },
        "has-flag": {
            "version": "3.0.0",
            "resolved": "https://registry.npmjs.org/has-flag/-/has-flag-3.0.0.tgz",
            "integrity": "sha1-tdRU3CGZriJWmfNGfloH87lVuv0="
        },
        "inflight": {
            "version": "1.0.6",
            "resolved": "https://registry.npmjs.org/inflight/-/inflight-1.0.6.tgz",
            "integrity": "sha1-Sb1jMdfQLQwJvJEKEHW6gWW1bfk=",
            "requires": {
                "once": "^1.3.0",
                "wrappy": "1"
            }
        },
        "inherits": {
            "version": "2.0.4",
            "resolved": "https://registry.npmjs.org/inherits/-/inherits-2.0.4.tgz",
            "integrity": "sha512-k/vGaX4/Yla3WzyMCvTQOXYeIHvqOKtnqBduzTHpzpQZzAskKMhZ2K+EnBiSM9zGSoIFeMpXKxa4dYeZIQqewQ=="
        },
        "ini": {
            "version": "1.3.5",
            "resolved": "https://registry.npmjs.org/ini/-/ini-1.3.5.tgz",
            "integrity": "sha512-RZY5huIKCMRWDUqZlEi72f/lmXKMvuszcMBduliQ3nnWbx9X/ZBQO7DijMEYS9EhHBb2qacRUMtC7svLwe0lcw=="
        },
        "is-fullwidth-code-point": {
            "version": "2.0.0",
            "resolved": "https://registry.npmjs.org/is-fullwidth-code-point/-/is-fullwidth-code-point-2.0.0.tgz",
            "integrity": "sha1-o7MKXE8ZkYMWeqq5O+764937ZU8="
        },
        "js-yaml": {
            "version": "3.13.1",
            "resolved": "https://registry.npmjs.org/js-yaml/-/js-yaml-3.13.1.tgz",
            "integrity": "sha512-YfbcO7jXDdyj0DGxYVSlSeQNHbD7XPWvrVWeVUujrQEoZzWJIRrCPoyk6kL6IAjAG2IolMK4T0hNUe0HOUs5Jw==",
            "requires": {
                "argparse": "^1.0.7",
                "esprima": "^4.0.0"
            }
        },
        "jsesc": {
            "version": "2.5.2",
            "resolved": "https://registry.npmjs.org/jsesc/-/jsesc-2.5.2.tgz",
            "integrity": "sha512-OYu7XEzjkCQ3C5Ps3QIZsQfNpqoJyZZA99wd9aWd05NCtC5pWOkShK2mkL6HXQR6/Cy2lbNdPlZBpuQHXE63gA=="
        },
        "json-schema": {
            "version": "0.2.3",
            "resolved": "https://registry.npmjs.org/json-schema/-/json-schema-0.2.3.tgz",
            "integrity": "sha1-tIDIkuWaLwWVTOcnvT8qTogvnhM="
        },
        "json-schema-ref-parser": {
            "version": "7.1.0",
            "resolved": "https://registry.npmjs.org/json-schema-ref-parser/-/json-schema-ref-parser-7.1.0.tgz",
            "integrity": "sha512-eP9+39HimQUpmqEUHRpV+oh8hiVMRU2tD6H+8uDc0raCQxX6jARN4nSJe5OpAtPt7eObuIUIsW7AwvGBzCHavQ==",
            "requires": {
                "call-me-maybe": "^1.0.1",
                "js-yaml": "^3.13.1",
                "ono": "^5.0.1"
            }
        },
        "jsonfile": {
            "version": "4.0.0",
            "resolved": "https://registry.npmjs.org/jsonfile/-/jsonfile-4.0.0.tgz",
            "integrity": "sha1-h3Gq4HmbZAdrdmQPygWPnBDjPss=",
            "requires": {
                "graceful-fs": "^4.1.6"
            }
        },
        "locate-path": {
            "version": "3.0.0",
            "resolved": "https://registry.npmjs.org/locate-path/-/locate-path-3.0.0.tgz",
            "integrity": "sha512-7AO748wWnIhNqAuaty2ZWHkQHRSNfPVIsPIfwEOWO22AmaoVrWavlOcMR5nzTLNYvp36X220/maaRsrec1G65A==",
            "requires": {
                "p-locate": "^3.0.0",
                "path-exists": "^3.0.0"
            }
        },
        "lodash": {
            "version": "4.17.15",
            "resolved": "https://registry.npmjs.org/lodash/-/lodash-4.17.15.tgz",
            "integrity": "sha512-8xOcRHvCjnocdS5cpwXQXVzmmh5e5+saE2QGoeQmbKmRS6J3VQppPOIt0MnmE+4xlZoumy0GPG0D0MVIQbNA1A=="
        },
        "lodash.get": {
            "version": "4.4.2",
            "resolved": "https://registry.npmjs.org/lodash.get/-/lodash.get-4.4.2.tgz",
            "integrity": "sha1-LRd/ZS+jHpObRDjVNBSZ36OCXpk="
        },
        "lodash.isequal": {
            "version": "4.5.0",
            "resolved": "https://registry.npmjs.org/lodash.isequal/-/lodash.isequal-4.5.0.tgz",
            "integrity": "sha1-QVxEePK8wwEgwizhDtMib30+GOA="
        },
        "make-error": {
            "version": "1.3.5",
            "resolved": "https://registry.npmjs.org/make-error/-/make-error-1.3.5.tgz",
            "integrity": "sha512-c3sIjNUow0+8swNwVpqoH4YCShKNFkMaw6oH1mNS2haDZQqkeZFlHS3dhoeEbKKmJB4vXpJucU6oH75aDYeE9g=="
        },
        "minimatch": {
            "version": "3.0.4",
            "resolved": "https://registry.npmjs.org/minimatch/-/minimatch-3.0.4.tgz",
            "integrity": "sha512-yJHVQEhyqPLUTgt9B83PXu6W3rx4MvvHvSUvToogpwoGDOUQ+yDrR0HRot+yOCdCO7u4hX3pWft6kWBBcqh0UA==",
            "requires": {
                "brace-expansion": "^1.1.7"
            }
        },
        "minimist": {
            "version": "0.0.8",
            "resolved": "https://registry.npmjs.org/minimist/-/minimist-0.0.8.tgz",
            "integrity": "sha1-hX/Kv8M5fSYluCKCYuhqp6ARsF0="
        },
        "mkdirp": {
            "version": "0.5.1",
            "resolved": "https://registry.npmjs.org/mkdirp/-/mkdirp-0.5.1.tgz",
            "integrity": "sha1-MAV0OOrGz3+MR2fzhkjWaX11yQM=",
            "requires": {
                "minimist": "0.0.8"
            }
        },
        "ms": {
            "version": "2.1.2",
            "resolved": "https://registry.npmjs.org/ms/-/ms-2.1.2.tgz",
            "integrity": "sha512-sGkPx+VjMtmA6MX27oA4FBFELFCZZ4S4XqeGOXCv68tT+jb3vk/RyaKWP0PTKyWtmLSM0b+adUTEvbs1PEaH2w=="
        },
        "mustache": {
            "version": "2.3.2",
            "resolved": "https://registry.npmjs.org/mustache/-/mustache-2.3.2.tgz",
            "integrity": "sha512-KpMNwdQsYz3O/SBS1qJ/o3sqUJ5wSb8gb0pul8CO0S56b9Y2ALm8zCfsjPXsqGFfoNBkDwZuZIAjhsZI03gYVQ=="
        },
        "neo-async": {
            "version": "2.6.1",
            "resolved": "https://registry.npmjs.org/neo-async/-/neo-async-2.6.1.tgz",
            "integrity": "sha512-iyam8fBuCUpWeKPGpaNMetEocMt364qkCsfL9JuhjXX6dRnguRVOfk2GZaDpPjcOKiiXCPINZC1GczQ7iTq3Zw=="
        },
        "ng-openapi-gen": {
            "version": "0.5.2",
            "resolved": "https://registry.npmjs.org/ng-openapi-gen/-/ng-openapi-gen-0.5.2.tgz",
            "integrity": "sha512-Jlg8Ywcn9T0WM8I4B91xtcME42aLQRNJbWXV9hDxpc4+jF9Q36i/g/HT41/ckRcaenr7P6j8s5hM5gJe03V7rA==",
            "requires": {
                "@loopback/openapi-v3-types": "^1.2.1",
                "@types/argparse": "^1.0.36",
                "@types/fs-extra": "^8.0.0",
                "@types/jsesc": "^0.4.29",
                "@types/json-schema": "^7.0.3",
                "@types/lodash": "^4.14.136",
                "@types/mkdirp": "^0.5.2",
                "@types/node": "^12.6.8",
                "argparse": "^1.0.10",
                "esm": "^3.2.25",
                "fs-extra": "^8.1.0",
                "handlebars": "^4.1.2",
                "jsesc": "^2.5.2",
                "json-schema": "^0.2.3",
                "json-schema-ref-parser": "^7.1.0",
                "lodash": "^4.17.15",
                "mkdirp": "^0.5.1",
                "ts-node": "^8.3.0",
                "typescript": "^3.5.3"
            }
        },
        "ng-swagger-gen": {
            "version": "1.7.1",
            "resolved": "https://registry.npmjs.org/ng-swagger-gen/-/ng-swagger-gen-1.7.1.tgz",
            "integrity": "sha512-54bLd5+7Nnyyw0MNkmbqg0M+ftn/SrbNS09pO3OvVzI7qD51rFR7crk6GkAiKIEUtA7WIPmKEoTvcm7JnlNXjA==",
            "requires": {
                "argparse": "^1.0.10",
                "global-tunnel-ng": "^2.7.1",
                "json-schema-ref-parser": "^5.1.3",
                "mustache": "^2.3.2"
            },
            "dependencies": {
                "json-schema-ref-parser": {
                    "version": "5.1.3",
                    "resolved": "https://registry.npmjs.org/json-schema-ref-parser/-/json-schema-ref-parser-5.1.3.tgz",
                    "integrity": "sha512-CpDFlBwz/6la78hZxyB9FECVKGYjIIl3Ms3KLqFj99W7IIb7D00/RDgc++IGB4BBALl0QRhh5m4q5WNSopvLtQ==",
                    "requires": {
                        "call-me-maybe": "^1.0.1",
                        "debug": "^3.1.0",
                        "js-yaml": "^3.12.0",
                        "ono": "^4.0.6"
                    }
                },
                "ono": {
                    "version": "4.0.11",
                    "resolved": "https://registry.npmjs.org/ono/-/ono-4.0.11.tgz",
                    "integrity": "sha512-jQ31cORBFE6td25deYeD80wxKBMj+zBmHTrVxnc6CKhx8gho6ipmWM5zj/oeoqioZ99yqBls9Z/9Nss7J26G2g==",
                    "requires": {
                        "format-util": "^1.0.3"
                    }
                }
            }
        },
        "npm-conf": {
            "version": "1.1.3",
            "resolved": "https://registry.npmjs.org/npm-conf/-/npm-conf-1.1.3.tgz",
            "integrity": "sha512-Yic4bZHJOt9RCFbRP3GgpqhScOY4HH3V2P8yBj6CeYq118Qr+BLXqT2JvpJ00mryLESpgOxf5XlFv4ZjXxLScw==",
            "requires": {
                "config-chain": "^1.1.11",
                "pify": "^3.0.0"
            }
        },
        "once": {
            "version": "1.4.0",
            "resolved": "https://registry.npmjs.org/once/-/once-1.4.0.tgz",
            "integrity": "sha1-WDsap3WWHUsROsF9nFC6753Xa9E=",
            "requires": {
                "wrappy": "1"
            }
        },
        "ono": {
            "version": "5.0.1",
            "resolved": "https://registry.npmjs.org/ono/-/ono-5.0.1.tgz",
            "integrity": "sha512-4/4BPGHX8OuDDNx1SrOqTOI7zajPjvBvrG1jDG3hDq4qBpoKlzG2d83Vdz26hvv0FFWYsLdHf+1Vu/k2d8Ww9w=="
        },
        "openapi-schemas": {
            "version": "1.0.0",
            "resolved": "https://registry.npmjs.org/openapi-schemas/-/openapi-schemas-1.0.0.tgz",
            "integrity": "sha512-KYy5vRmutd8ieqZQKWDAFEa7xiLXLkdWZljwLgxJV/5ydJqRIE9hMG5n9jTYtP5+fuZ3NhIYk2wIa+BCDoQpwg=="
        },
        "openapi-types": {
            "version": "1.3.5",
            "resolved": "https://registry.npmjs.org/openapi-types/-/openapi-types-1.3.5.tgz",
            "integrity": "sha512-11oi4zYorsgvg5yBarZplAqbpev5HkuVNPlZaPTknPDzAynq+lnJdXAmruGWP0s+dNYZS7bjM+xrTpJw7184Fg=="
        },
        "openapi3-ts": {
            "version": "1.3.0",
            "resolved": "https://registry.npmjs.org/openapi3-ts/-/openapi3-ts-1.3.0.tgz",
            "integrity": "sha512-Xk3hsB0PzB4dzr/r/FdmK+VfQbZH7lQQ2iipMS1/1eoz1wUvh5R7rmOakYvw0bQJJE6PYrOLx8UHsYmzgTr+YQ=="
        },
        "optimist": {
            "version": "0.6.1",
            "resolved": "https://registry.npmjs.org/optimist/-/optimist-0.6.1.tgz",
            "integrity": "sha1-2j6nRob6IaGaERwybpDrFaAZZoY=",
            "requires": {
                "minimist": "~0.0.1",
                "wordwrap": "~0.0.2"
            }
        },
        "os-tmpdir": {
            "version": "1.0.2",
            "resolved": "https://registry.npmjs.org/os-tmpdir/-/os-tmpdir-1.0.2.tgz",
            "integrity": "sha1-u+Z0BseaqFxc/sdm/lc0VV36EnQ="
        },
        "p-limit": {
            "version": "2.2.0",
            "resolved": "https://registry.npmjs.org/p-limit/-/p-limit-2.2.0.tgz",
            "integrity": "sha512-pZbTJpoUsCzV48Mc9Nh51VbwO0X9cuPFE8gYwx9BTCt9SF8/b7Zljd2fVgOxhIF/HDTKgpVzs+GPhyKfjLLFRQ==",
            "requires": {
                "p-try": "^2.0.0"
            }
        },
        "p-locate": {
            "version": "3.0.0",
            "resolved": "https://registry.npmjs.org/p-locate/-/p-locate-3.0.0.tgz",
            "integrity": "sha512-x+12w/To+4GFfgJhBEpiDcLozRJGegY+Ei7/z0tSLkMmxGZNybVMSfWj9aJn8Z5Fc7dBUNJOOVgPv2H7IwulSQ==",
            "requires": {
                "p-limit": "^2.0.0"
            }
        },
        "p-try": {
            "version": "2.2.0",
            "resolved": "https://registry.npmjs.org/p-try/-/p-try-2.2.0.tgz",
            "integrity": "sha512-R4nPAVTAU0B9D35/Gk3uJf/7XYbQcyohSKdvAxIRSNghFl4e71hVoGnBNQz9cWaXxO2I10KTC+3jMdvvoKw6dQ=="
        },
        "path-exists": {
            "version": "3.0.0",
            "resolved": "https://registry.npmjs.org/path-exists/-/path-exists-3.0.0.tgz",
            "integrity": "sha1-zg6+ql94yxiSXqfYENe1mwEP1RU="
        },
        "path-is-absolute": {
            "version": "1.0.1",
            "resolved": "https://registry.npmjs.org/path-is-absolute/-/path-is-absolute-1.0.1.tgz",
            "integrity": "sha1-F0uSaHNVNP+8es5r9TpanhtcX18="
        },
        "pify": {
            "version": "3.0.0",
            "resolved": "https://registry.npmjs.org/pify/-/pify-3.0.0.tgz",
            "integrity": "sha1-5aSs0sEB/fPZpNB/DbxNtJ3SgXY="
        },
        "proto-list": {
            "version": "1.2.4",
            "resolved": "https://registry.npmjs.org/proto-list/-/proto-list-1.2.4.tgz",
            "integrity": "sha1-IS1b/hMYMGpCD2QCuOJv85ZHqEk="
        },
        "require-directory": {
            "version": "2.1.1",
            "resolved": "https://registry.npmjs.org/require-directory/-/require-directory-2.1.1.tgz",
            "integrity": "sha1-jGStX9MNqxyXbiNE/+f3kqam30I="
        },
        "require-main-filename": {
            "version": "2.0.0",
            "resolved": "https://registry.npmjs.org/require-main-filename/-/require-main-filename-2.0.0.tgz",
            "integrity": "sha512-NKN5kMDylKuldxYLSUfrbo5Tuzh4hd+2E8NPPX02mZtn1VuREQToYe/ZdlJy+J3uCpfaiGF05e7B8W0iXbQHmg=="
        },
        "set-blocking": {
            "version": "2.0.0",
            "resolved": "https://registry.npmjs.org/set-blocking/-/set-blocking-2.0.0.tgz",
            "integrity": "sha1-BF+XgtARrppoA93TgrJDkrPYkPc="
        },
        "source-map": {
            "version": "0.6.1",
            "resolved": "https://registry.npmjs.org/source-map/-/source-map-0.6.1.tgz",
            "integrity": "sha512-UjgapumWlbMhkBgzT7Ykc5YXUT46F0iKu8SGXq0bcwP5dz/h0Plj6enJqjz1Zbq2l5WaqYnrVbwWOWMyF3F47g=="
        },
        "source-map-support": {
            "version": "0.5.13",
            "resolved": "https://registry.npmjs.org/source-map-support/-/source-map-support-0.5.13.tgz",
            "integrity": "sha512-SHSKFHadjVA5oR4PPqhtAVdcBWwRYVd6g6cAXnIbRiIwc2EhPrTuKUBdSLvlEKyIP3GCf89fltvcZiP9MMFA1w==",
            "requires": {
                "buffer-from": "^1.0.0",
                "source-map": "^0.6.0"
            }
        },
        "sprintf-js": {
            "version": "1.0.3",
            "resolved": "https://registry.npmjs.org/sprintf-js/-/sprintf-js-1.0.3.tgz",
            "integrity": "sha1-BOaSb2YolTVPPdAVIDYzuFcpfiw="
        },
        "string-width": {
            "version": "3.1.0",
            "resolved": "https://registry.npmjs.org/string-width/-/string-width-3.1.0.tgz",
            "integrity": "sha512-vafcv6KjVZKSgz06oM/H6GDBrAtz8vdhQakGjFIvNrHA6y3HCF1CInLy+QLq8dTJPQ1b+KDUqDFctkdRW44e1w==",
            "requires": {
                "emoji-regex": "^7.0.1",
                "is-fullwidth-code-point": "^2.0.0",
                "strip-ansi": "^5.1.0"
            }
        },
        "strip-ansi": {
            "version": "5.2.0",
            "resolved": "https://registry.npmjs.org/strip-ansi/-/strip-ansi-5.2.0.tgz",
            "integrity": "sha512-DuRs1gKbBqsMKIZlrffwlug8MHkcnpjs5VPmL1PAh+mA30U0DTotfDZ0d2UUsXpPmPmMMJ6W773MaA3J+lbiWA==",
            "requires": {
                "ansi-regex": "^4.1.0"
            }
        },
        "supports-color": {
            "version": "5.5.0",
            "resolved": "https://registry.npmjs.org/supports-color/-/supports-color-5.5.0.tgz",
            "integrity": "sha512-QjVjwdXIt408MIiAqCX4oUKsgU2EqAGzs2Ppkm4aQYbjm+ZEWEcW4SfFNTr4uMNZma0ey4f5lgLrkB0aX0QMow==",
            "requires": {
                "has-flag": "^3.0.0"
            }
        },
        "swagger-cli": {
            "version": "2.3.0",
            "resolved": "https://registry.npmjs.org/swagger-cli/-/swagger-cli-2.3.0.tgz",
            "integrity": "sha512-Bl4W1VlYHw67w5PIxOKITexaRI8Z52iQ4wG9jjIbPRNIPXhhm5hd4Ts5u5XAG5KeWWFpmwUrPJonCNw+q1PFOQ==",
            "requires": {
                "chalk": "^2.4.2",
                "js-yaml": "^3.13.1",
                "mkdirp": "^0.5.1",
                "swagger-parser": "^8.0.0",
                "yargs": "^13.2.4"
            }
        },
        "swagger-methods": {
            "version": "2.0.0",
            "resolved": "https://registry.npmjs.org/swagger-methods/-/swagger-methods-2.0.0.tgz",
            "integrity": "sha512-afMNP6XtF7w4XB2pFuF07JNrHGaKoppwC0O3Zrkv0PWGbMT3KyFYpk4lzdcax7RYV1JgMZeatX8ndYjL2y+0tQ=="
        },
        "swagger-parser": {
            "version": "8.0.0",
            "resolved": "https://registry.npmjs.org/swagger-parser/-/swagger-parser-8.0.0.tgz",
            "integrity": "sha512-zk6ig8J2B4OqCnBSIqO67/Ui96NTjuoX10YGa4YVlIlQzLpHUZbLFZaO+zSubQoqAiJxmpvlbUplEcFIsPCESA==",
            "requires": {
                "call-me-maybe": "^1.0.1",
                "json-schema-ref-parser": "^7.1.0",
                "ono": "^5.0.1",
                "openapi-schemas": "^1.0.0",
                "openapi-types": "^1.3.5",
                "swagger-methods": "^2.0.0",
                "z-schema": "^4.1.0"
            }
        },
        "transform-file": {
            "version": "1.0.1",
            "resolved": "https://registry.npmjs.org/transform-file/-/transform-file-1.0.1.tgz",
            "integrity": "sha1-f5WYSs0j1Ov4q7R+6dg74WbRJoc=",
            "requires": {
                "os-tmpdir": "^1.0.0"
            }
        },
        "ts-node": {
            "version": "8.3.0",
            "resolved": "https://registry.npmjs.org/ts-node/-/ts-node-8.3.0.tgz",
            "integrity": "sha512-dyNS/RqyVTDcmNM4NIBAeDMpsAdaQ+ojdf0GOLqE6nwJOgzEkdRNzJywhDfwnuvB10oa6NLVG1rUJQCpRN7qoQ==",
            "requires": {
                "arg": "^4.1.0",
                "diff": "^4.0.1",
                "make-error": "^1.1.1",
                "source-map-support": "^0.5.6",
                "yn": "^3.0.0"
            }
        },
        "tunnel": {
            "version": "0.0.6",
            "resolved": "https://registry.npmjs.org/tunnel/-/tunnel-0.0.6.tgz",
            "integrity": "sha512-1h/Lnq9yajKY2PEbBadPXj3VxsDDu844OnaAo52UVmIzIvwwtBPIuNvkjuzBlTWpfJyUbG3ez0KSBibQkj4ojg=="
        },
        "typescript": {
            "version": "3.5.3",
            "resolved": "https://registry.npmjs.org/typescript/-/typescript-3.5.3.tgz",
            "integrity": "sha512-ACzBtm/PhXBDId6a6sDJfroT2pOWt/oOnk4/dElG5G33ZL776N3Y6/6bKZJBFpd+b05F3Ct9qDjMeJmRWtE2/g=="
        },
        "uglify-js": {
            "version": "3.6.0",
            "resolved": "https://registry.npmjs.org/uglify-js/-/uglify-js-3.6.0.tgz",
            "integrity": "sha512-W+jrUHJr3DXKhrsS7NUVxn3zqMOFn0hL/Ei6v0anCIMoKC93TjcflTagwIHLW7SfMFfiQuktQyFVCFHGUE0+yg==",
            "optional": true,
            "requires": {
                "commander": "~2.20.0",
                "source-map": "~0.6.1"
            }
        },
        "universalify": {
            "version": "0.1.2",
            "resolved": "https://registry.npmjs.org/universalify/-/universalify-0.1.2.tgz",
            "integrity": "sha512-rBJeI5CXAlmy1pV+617WB9J63U6XcazHHF2f2dbJix4XzpUF0RS3Zbj0FGIOCAva5P/d/GBOYaACQ1w+0azUkg=="
        },
        "validator": {
            "version": "10.11.0",
            "resolved": "https://registry.npmjs.org/validator/-/validator-10.11.0.tgz",
            "integrity": "sha512-X/p3UZerAIsbBfN/IwahhYaBbY68EN/UQBWHtsbXGT5bfrH/p4NQzUCG1kF/rtKaNpnJ7jAu6NGTdSNtyNIXMw=="
        },
        "which-module": {
            "version": "2.0.0",
            "resolved": "https://registry.npmjs.org/which-module/-/which-module-2.0.0.tgz",
            "integrity": "sha1-2e8H3Od7mQK4o6j6SzHD4/fm6Ho="
        },
        "wordwrap": {
            "version": "0.0.3",
            "resolved": "https://registry.npmjs.org/wordwrap/-/wordwrap-0.0.3.tgz",
            "integrity": "sha1-o9XabNXAvAAI03I0u68b7WMFkQc="
        },
        "wrap-ansi": {
            "version": "5.1.0",
            "resolved": "https://registry.npmjs.org/wrap-ansi/-/wrap-ansi-5.1.0.tgz",
            "integrity": "sha512-QC1/iN/2/RPVJ5jYK8BGttj5z83LmSKmvbvrXPNCLZSEb32KKVDJDl/MOt2N01qU2H/FkzEa9PKto1BqDjtd7Q==",
            "requires": {
                "ansi-styles": "^3.2.0",
                "string-width": "^3.0.0",
                "strip-ansi": "^5.0.0"
            }
        },
        "wrappy": {
            "version": "1.0.2",
            "resolved": "https://registry.npmjs.org/wrappy/-/wrappy-1.0.2.tgz",
            "integrity": "sha1-tSQ9jz7BqjXxNkYFvA0QNuMKtp8="
        },
        "y18n": {
            "version": "4.0.0",
            "resolved": "https://registry.npmjs.org/y18n/-/y18n-4.0.0.tgz",
            "integrity": "sha512-r9S/ZyXu/Xu9q1tYlpsLIsa3EeLXXk0VwlxqTcFRfg9EhMW+17kbt9G0NrgCmhGb5vT2hyhJZLfDGx+7+5Uj/w=="
        },
        "yargs": {
            "version": "13.3.0",
            "resolved": "https://registry.npmjs.org/yargs/-/yargs-13.3.0.tgz",
            "integrity": "sha512-2eehun/8ALW8TLoIl7MVaRUrg+yCnenu8B4kBlRxj3GJGDKU1Og7sMXPNm1BYyM1DOJmTZ4YeN/Nwxv+8XJsUA==",
            "requires": {
                "cliui": "^5.0.0",
                "find-up": "^3.0.0",
                "get-caller-file": "^2.0.1",
                "require-directory": "^2.1.1",
                "require-main-filename": "^2.0.0",
                "set-blocking": "^2.0.0",
                "string-width": "^3.0.0",
                "which-module": "^2.0.0",
                "y18n": "^4.0.0",
                "yargs-parser": "^13.1.1"
            }
        },
        "yargs-parser": {
            "version": "13.1.2",
            "resolved": "https://registry.npmjs.org/yargs-parser/-/yargs-parser-13.1.2.tgz",
            "integrity": "sha512-3lbsNRf/j+A4QuSZfDRA7HRSfWrzO0YjqTJd5kjAq37Zep1CEgaYmrH9Q3GwPiB9cHyd1Y1UwggGhJGoxipbzg==",
            "requires": {
                "camelcase": "^5.0.0",
                "decamelize": "^1.2.0"
            }
        },
        "yn": {
            "version": "3.1.1",
            "resolved": "https://registry.npmjs.org/yn/-/yn-3.1.1.tgz",
            "integrity": "sha512-Ux4ygGWsu2c7isFWe8Yu1YluJmqVhxqK2cLXNQA5AcC3QfbGNpM7fu0Y8b/z16pXLnFxZYvWhd3fhBY9DLmC6Q=="
        },
        "z-schema": {
            "version": "4.1.0",
            "resolved": "https://registry.npmjs.org/z-schema/-/z-schema-4.1.0.tgz",
            "integrity": "sha512-C4In7uaih70TVnpCDtfnMeCjGRIkaikT8Yxqgz0GZrLJ3nkI5TsdRPOOjEYaebRnxGlbX68qeBSOBdbCufaqjQ==",
            "requires": {
                "commander": "^2.7.1",
                "core-js": "^2.5.7",
                "lodash.get": "^4.4.2",
                "lodash.isequal": "^4.5.0",
                "validator": "^10.11.0"
            }
        }
    }
}
